// !$*UTF8*$!
{
	archiveVersion = 1;
	classes = {
	};
	objectVersion = 56;
	objects = {

/* Begin PBXBuildFile section */
		0C3CACC12A4A72A4002D7B4A /* CacheFeedUseCaseTests.swift in Sources */ = {isa = PBXBuildFile; fileRef = 0C3CACC02A4A72A4002D7B4A /* CacheFeedUseCaseTests.swift */; };
		0C3CACC42A4AD236002D7B4A /* LocalFeedLoader.swift in Sources */ = {isa = PBXBuildFile; fileRef = 0C3CACC32A4AD236002D7B4A /* LocalFeedLoader.swift */; };
		0C3CACC62A4AD2AC002D7B4A /* FeedStore.swift in Sources */ = {isa = PBXBuildFile; fileRef = 0C3CACC52A4AD2AC002D7B4A /* FeedStore.swift */; };
		0C3CACC82A4BC40A002D7B4A /* RemoteFeedItem.swift in Sources */ = {isa = PBXBuildFile; fileRef = 0C3CACC72A4BC40A002D7B4A /* RemoteFeedItem.swift */; };
		0C3CACCA2A4BC421002D7B4A /* LocalFeedImage.swift in Sources */ = {isa = PBXBuildFile; fileRef = 0C3CACC92A4BC421002D7B4A /* LocalFeedImage.swift */; };
		0C4E48DD2A25E55800859414 /* EssentialFeed.framework in Frameworks */ = {isa = PBXBuildFile; fileRef = 0C4E48D42A25E55700859414 /* EssentialFeed.framework */; };
		0C4E48FB2A25E5B900859414 /* URLSessionHTTPClient.swift in Sources */ = {isa = PBXBuildFile; fileRef = 0C4E48F02A25E5B800859414 /* URLSessionHTTPClient.swift */; };
		0C4E48FC2A25E5B900859414 /* FeedItemsMapper.swift in Sources */ = {isa = PBXBuildFile; fileRef = 0C4E48F12A25E5B800859414 /* FeedItemsMapper.swift */; };
		0C4E48FD2A25E5B900859414 /* HTTPClient.swift in Sources */ = {isa = PBXBuildFile; fileRef = 0C4E48F22A25E5B800859414 /* HTTPClient.swift */; };
		0C4E48FE2A25E5B900859414 /* RemoteFeedLoader.swift in Sources */ = {isa = PBXBuildFile; fileRef = 0C4E48F32A25E5B800859414 /* RemoteFeedLoader.swift */; };
		0C4E48FF2A25E5B900859414 /* FeedLoader.swift in Sources */ = {isa = PBXBuildFile; fileRef = 0C4E48F52A25E5B800859414 /* FeedLoader.swift */; };
		0C4E49002A25E5B900859414 /* FeedImage.swift in Sources */ = {isa = PBXBuildFile; fileRef = 0C4E48F62A25E5B800859414 /* FeedImage.swift */; };
		0C4E49072A25E5DF00859414 /* XCTestCase+MemoryLeadTracking.swift in Sources */ = {isa = PBXBuildFile; fileRef = 0C4E49032A25E5DF00859414 /* XCTestCase+MemoryLeadTracking.swift */; };
		0C4E49082A25E5DF00859414 /* LoadFeedFromRemoteUseCaseTests.swift in Sources */ = {isa = PBXBuildFile; fileRef = 0C4E49052A25E5DF00859414 /* LoadFeedFromRemoteUseCaseTests.swift */; };
		0C4E49092A25E5DF00859414 /* URLSessionHTTPClientTests.swift in Sources */ = {isa = PBXBuildFile; fileRef = 0C4E49062A25E5DF00859414 /* URLSessionHTTPClientTests.swift */; };
		0C4E49122A25E62F00859414 /* EssentialFeed.framework in Frameworks */ = {isa = PBXBuildFile; fileRef = 0C4E48D42A25E55700859414 /* EssentialFeed.framework */; };
		0C4E491A2A25E66B00859414 /* XCTestCase+MemoryLeadTracking.swift in Sources */ = {isa = PBXBuildFile; fileRef = 0C4E49032A25E5DF00859414 /* XCTestCase+MemoryLeadTracking.swift */; };
		0C4E491C2A25E6C600859414 /* EssentialFeedAPIEndToEndTests.swift in Sources */ = {isa = PBXBuildFile; fileRef = 0C4E491B2A25E6C600859414 /* EssentialFeedAPIEndToEndTests.swift */; };
		0C6CED3F2A4C221000C1FB07 /* LoadFeedFromCacheUseCaseTests.swift in Sources */ = {isa = PBXBuildFile; fileRef = 0C6CED3E2A4C221000C1FB07 /* LoadFeedFromCacheUseCaseTests.swift */; };
		0C6CED422A4C237100C1FB07 /* FeedStoreSpy.swift in Sources */ = {isa = PBXBuildFile; fileRef = 0C6CED412A4C237100C1FB07 /* FeedStoreSpy.swift */; };
		0C6CED442A4D783F00C1FB07 /* ValidateFeedCacheUseCaseTests.swift in Sources */ = {isa = PBXBuildFile; fileRef = 0C6CED432A4D783F00C1FB07 /* ValidateFeedCacheUseCaseTests.swift */; };
		0C6CED462A4D7F4700C1FB07 /* FeedCacheTestHelpers.swift in Sources */ = {isa = PBXBuildFile; fileRef = 0C6CED452A4D7F4700C1FB07 /* FeedCacheTestHelpers.swift */; };
		0C6CED482A4D817F00C1FB07 /* SharedTestHelpers.swift in Sources */ = {isa = PBXBuildFile; fileRef = 0C6CED472A4D817F00C1FB07 /* SharedTestHelpers.swift */; };
		0C6CED4A2A4E6DB000C1FB07 /* FeedCachePolicy.swift in Sources */ = {isa = PBXBuildFile; fileRef = 0C6CED492A4E6DB000C1FB07 /* FeedCachePolicy.swift */; };
		0C6CED4C2A4ECD3700C1FB07 /* CodableFeedStoreTests.swift in Sources */ = {isa = PBXBuildFile; fileRef = 0C6CED4B2A4ECD3700C1FB07 /* CodableFeedStoreTests.swift */; };
		0C6CED4E2A52987800C1FB07 /* CodableFeedStore.swift in Sources */ = {isa = PBXBuildFile; fileRef = 0C6CED4D2A52987800C1FB07 /* CodableFeedStore.swift */; };
/* End PBXBuildFile section */

/* Begin PBXContainerItemProxy section */
		0C4E48DE2A25E55800859414 /* PBXContainerItemProxy */ = {
			isa = PBXContainerItemProxy;
			containerPortal = 0C4E48CB2A25E55700859414 /* Project object */;
			proxyType = 1;
			remoteGlobalIDString = 0C4E48D32A25E55700859414;
			remoteInfo = EssentialFeed;
		};
		0C4E49132A25E62F00859414 /* PBXContainerItemProxy */ = {
			isa = PBXContainerItemProxy;
			containerPortal = 0C4E48CB2A25E55700859414 /* Project object */;
			proxyType = 1;
			remoteGlobalIDString = 0C4E48D32A25E55700859414;
			remoteInfo = EssentialFeed;
		};
/* End PBXContainerItemProxy section */

/* Begin PBXFileReference section */
		0C3CACC02A4A72A4002D7B4A /* CacheFeedUseCaseTests.swift */ = {isa = PBXFileReference; lastKnownFileType = sourcecode.swift; path = CacheFeedUseCaseTests.swift; sourceTree = "<group>"; };
		0C3CACC32A4AD236002D7B4A /* LocalFeedLoader.swift */ = {isa = PBXFileReference; lastKnownFileType = sourcecode.swift; path = LocalFeedLoader.swift; sourceTree = "<group>"; };
		0C3CACC52A4AD2AC002D7B4A /* FeedStore.swift */ = {isa = PBXFileReference; lastKnownFileType = sourcecode.swift; path = FeedStore.swift; sourceTree = "<group>"; };
		0C3CACC72A4BC40A002D7B4A /* RemoteFeedItem.swift */ = {isa = PBXFileReference; lastKnownFileType = sourcecode.swift; path = RemoteFeedItem.swift; sourceTree = "<group>"; };
		0C3CACC92A4BC421002D7B4A /* LocalFeedImage.swift */ = {isa = PBXFileReference; lastKnownFileType = sourcecode.swift; path = LocalFeedImage.swift; sourceTree = "<group>"; };
		0C4E48D42A25E55700859414 /* EssentialFeed.framework */ = {isa = PBXFileReference; explicitFileType = wrapper.framework; includeInIndex = 0; path = EssentialFeed.framework; sourceTree = BUILT_PRODUCTS_DIR; };
		0C4E48DC2A25E55800859414 /* EssentialFeedTests.xctest */ = {isa = PBXFileReference; explicitFileType = wrapper.cfbundle; includeInIndex = 0; path = EssentialFeedTests.xctest; sourceTree = BUILT_PRODUCTS_DIR; };
		0C4E48F02A25E5B800859414 /* URLSessionHTTPClient.swift */ = {isa = PBXFileReference; fileEncoding = 4; lastKnownFileType = sourcecode.swift; path = URLSessionHTTPClient.swift; sourceTree = "<group>"; };
		0C4E48F12A25E5B800859414 /* FeedItemsMapper.swift */ = {isa = PBXFileReference; fileEncoding = 4; lastKnownFileType = sourcecode.swift; path = FeedItemsMapper.swift; sourceTree = "<group>"; };
		0C4E48F22A25E5B800859414 /* HTTPClient.swift */ = {isa = PBXFileReference; fileEncoding = 4; lastKnownFileType = sourcecode.swift; path = HTTPClient.swift; sourceTree = "<group>"; };
		0C4E48F32A25E5B800859414 /* RemoteFeedLoader.swift */ = {isa = PBXFileReference; fileEncoding = 4; lastKnownFileType = sourcecode.swift; path = RemoteFeedLoader.swift; sourceTree = "<group>"; };
		0C4E48F52A25E5B800859414 /* FeedLoader.swift */ = {isa = PBXFileReference; fileEncoding = 4; lastKnownFileType = sourcecode.swift; path = FeedLoader.swift; sourceTree = "<group>"; };
		0C4E48F62A25E5B800859414 /* FeedImage.swift */ = {isa = PBXFileReference; fileEncoding = 4; lastKnownFileType = sourcecode.swift; path = FeedImage.swift; sourceTree = "<group>"; };
		0C4E49032A25E5DF00859414 /* XCTestCase+MemoryLeadTracking.swift */ = {isa = PBXFileReference; fileEncoding = 4; lastKnownFileType = sourcecode.swift; path = "XCTestCase+MemoryLeadTracking.swift"; sourceTree = "<group>"; };
		0C4E49052A25E5DF00859414 /* LoadFeedFromRemoteUseCaseTests.swift */ = {isa = PBXFileReference; fileEncoding = 4; lastKnownFileType = sourcecode.swift; path = LoadFeedFromRemoteUseCaseTests.swift; sourceTree = "<group>"; };
		0C4E49062A25E5DF00859414 /* URLSessionHTTPClientTests.swift */ = {isa = PBXFileReference; fileEncoding = 4; lastKnownFileType = sourcecode.swift; path = URLSessionHTTPClientTests.swift; sourceTree = "<group>"; };
		0C4E490E2A25E62F00859414 /* EssentialFeedAPIEndToEndTests.xctest */ = {isa = PBXFileReference; explicitFileType = wrapper.cfbundle; includeInIndex = 0; path = EssentialFeedAPIEndToEndTests.xctest; sourceTree = BUILT_PRODUCTS_DIR; };
		0C4E491B2A25E6C600859414 /* EssentialFeedAPIEndToEndTests.swift */ = {isa = PBXFileReference; fileEncoding = 4; lastKnownFileType = sourcecode.swift; path = EssentialFeedAPIEndToEndTests.swift; sourceTree = "<group>"; };
		0C6CED3E2A4C221000C1FB07 /* LoadFeedFromCacheUseCaseTests.swift */ = {isa = PBXFileReference; lastKnownFileType = sourcecode.swift; path = LoadFeedFromCacheUseCaseTests.swift; sourceTree = "<group>"; };
		0C6CED412A4C237100C1FB07 /* FeedStoreSpy.swift */ = {isa = PBXFileReference; lastKnownFileType = sourcecode.swift; path = FeedStoreSpy.swift; sourceTree = "<group>"; };
		0C6CED432A4D783F00C1FB07 /* ValidateFeedCacheUseCaseTests.swift */ = {isa = PBXFileReference; lastKnownFileType = sourcecode.swift; path = ValidateFeedCacheUseCaseTests.swift; sourceTree = "<group>"; };
		0C6CED452A4D7F4700C1FB07 /* FeedCacheTestHelpers.swift */ = {isa = PBXFileReference; lastKnownFileType = sourcecode.swift; path = FeedCacheTestHelpers.swift; sourceTree = "<group>"; };
		0C6CED472A4D817F00C1FB07 /* SharedTestHelpers.swift */ = {isa = PBXFileReference; lastKnownFileType = sourcecode.swift; path = SharedTestHelpers.swift; sourceTree = "<group>"; };
		0C6CED492A4E6DB000C1FB07 /* FeedCachePolicy.swift */ = {isa = PBXFileReference; lastKnownFileType = sourcecode.swift; path = FeedCachePolicy.swift; sourceTree = "<group>"; };
		0C6CED4B2A4ECD3700C1FB07 /* CodableFeedStoreTests.swift */ = {isa = PBXFileReference; lastKnownFileType = sourcecode.swift; path = CodableFeedStoreTests.swift; sourceTree = "<group>"; };
		0C6CED4D2A52987800C1FB07 /* CodableFeedStore.swift */ = {isa = PBXFileReference; lastKnownFileType = sourcecode.swift; path = CodableFeedStore.swift; sourceTree = "<group>"; };
/* End PBXFileReference section */

/* Begin PBXFrameworksBuildPhase section */
		0C4E48D12A25E55700859414 /* Frameworks */ = {
			isa = PBXFrameworksBuildPhase;
			buildActionMask = 2147483647;
			files = (
			);
			runOnlyForDeploymentPostprocessing = 0;
		};
		0C4E48D92A25E55800859414 /* Frameworks */ = {
			isa = PBXFrameworksBuildPhase;
			buildActionMask = 2147483647;
			files = (
				0C4E48DD2A25E55800859414 /* EssentialFeed.framework in Frameworks */,
			);
			runOnlyForDeploymentPostprocessing = 0;
		};
		0C4E490B2A25E62F00859414 /* Frameworks */ = {
			isa = PBXFrameworksBuildPhase;
			buildActionMask = 2147483647;
			files = (
				0C4E49122A25E62F00859414 /* EssentialFeed.framework in Frameworks */,
			);
			runOnlyForDeploymentPostprocessing = 0;
		};
/* End PBXFrameworksBuildPhase section */

/* Begin PBXGroup section */
		0C3CACBD2A4A7264002D7B4A /* Feed Cache */ = {
			isa = PBXGroup;
			children = (
				0C6CED402A4C235F00C1FB07 /* Helpers */,
				0C3CACC02A4A72A4002D7B4A /* CacheFeedUseCaseTests.swift */,
				0C6CED3E2A4C221000C1FB07 /* LoadFeedFromCacheUseCaseTests.swift */,
				0C6CED432A4D783F00C1FB07 /* ValidateFeedCacheUseCaseTests.swift */,
				0C6CED4B2A4ECD3700C1FB07 /* CodableFeedStoreTests.swift */,
			);
			path = "Feed Cache";
			sourceTree = "<group>";
		};
		0C3CACC22A4AD21F002D7B4A /* Feed Cache */ = {
			isa = PBXGroup;
			children = (
				0C3CACC32A4AD236002D7B4A /* LocalFeedLoader.swift */,
				0C3CACC52A4AD2AC002D7B4A /* FeedStore.swift */,
				0C3CACC92A4BC421002D7B4A /* LocalFeedImage.swift */,
				0C6CED492A4E6DB000C1FB07 /* FeedCachePolicy.swift */,
				0C6CED4D2A52987800C1FB07 /* CodableFeedStore.swift */,
			);
			path = "Feed Cache";
			sourceTree = "<group>";
		};
		0C4E48CA2A25E55700859414 = {
			isa = PBXGroup;
			children = (
				0C4E48D62A25E55700859414 /* EssentialFeed */,
				0C4E48E02A25E55800859414 /* EssentialFeedTests */,
				0C4E490F2A25E62F00859414 /* EssentialFeedAPIEndToEndTests */,
				0C4E48D52A25E55700859414 /* Products */,
			);
			sourceTree = "<group>";
		};
		0C4E48D52A25E55700859414 /* Products */ = {
			isa = PBXGroup;
			children = (
				0C4E48D42A25E55700859414 /* EssentialFeed.framework */,
				0C4E48DC2A25E55800859414 /* EssentialFeedTests.xctest */,
				0C4E490E2A25E62F00859414 /* EssentialFeedAPIEndToEndTests.xctest */,
			);
			name = Products;
			sourceTree = "<group>";
		};
		0C4E48D62A25E55700859414 /* EssentialFeed */ = {
			isa = PBXGroup;
			children = (
				0C3CACC22A4AD21F002D7B4A /* Feed Cache */,
				0C4E48EF2A25E5B800859414 /* Feed API */,
				0C4E48F42A25E5B800859414 /* Feed Feature */,
			);
			path = EssentialFeed;
			sourceTree = "<group>";
		};
		0C4E48E02A25E55800859414 /* EssentialFeedTests */ = {
			isa = PBXGroup;
			children = (
				0C3CACBD2A4A7264002D7B4A /* Feed Cache */,
				0C4E49042A25E5DF00859414 /* Feed API */,
				0C4E49022A25E5DF00859414 /* Helpers */,
			);
			path = EssentialFeedTests;
			sourceTree = "<group>";
		};
		0C4E48EF2A25E5B800859414 /* Feed API */ = {
			isa = PBXGroup;
			children = (
				0C4E48F02A25E5B800859414 /* URLSessionHTTPClient.swift */,
				0C3CACC72A4BC40A002D7B4A /* RemoteFeedItem.swift */,
				0C4E48F12A25E5B800859414 /* FeedItemsMapper.swift */,
				0C4E48F22A25E5B800859414 /* HTTPClient.swift */,
				0C4E48F32A25E5B800859414 /* RemoteFeedLoader.swift */,
			);
			path = "Feed API";
			sourceTree = "<group>";
		};
		0C4E48F42A25E5B800859414 /* Feed Feature */ = {
			isa = PBXGroup;
			children = (
				0C4E48F52A25E5B800859414 /* FeedLoader.swift */,
				0C4E48F62A25E5B800859414 /* FeedImage.swift */,
			);
			path = "Feed Feature";
			sourceTree = "<group>";
		};
		0C4E49022A25E5DF00859414 /* Helpers */ = {
			isa = PBXGroup;
			children = (
				0C4E49032A25E5DF00859414 /* XCTestCase+MemoryLeadTracking.swift */,
				0C6CED472A4D817F00C1FB07 /* SharedTestHelpers.swift */,
			);
			path = Helpers;
			sourceTree = "<group>";
		};
		0C4E49042A25E5DF00859414 /* Feed API */ = {
			isa = PBXGroup;
			children = (
				0C4E49052A25E5DF00859414 /* LoadFeedFromRemoteUseCaseTests.swift */,
				0C4E49062A25E5DF00859414 /* URLSessionHTTPClientTests.swift */,
			);
			path = "Feed API";
			sourceTree = "<group>";
		};
		0C4E490F2A25E62F00859414 /* EssentialFeedAPIEndToEndTests */ = {
			isa = PBXGroup;
			children = (
				0C4E491B2A25E6C600859414 /* EssentialFeedAPIEndToEndTests.swift */,
			);
			path = EssentialFeedAPIEndToEndTests;
			sourceTree = "<group>";
		};
		0C6CED402A4C235F00C1FB07 /* Helpers */ = {
			isa = PBXGroup;
			children = (
				0C6CED412A4C237100C1FB07 /* FeedStoreSpy.swift */,
				0C6CED452A4D7F4700C1FB07 /* FeedCacheTestHelpers.swift */,
			);
			path = Helpers;
			sourceTree = "<group>";
		};
/* End PBXGroup section */

/* Begin PBXHeadersBuildPhase section */
		0C4E48CF2A25E55700859414 /* Headers */ = {
			isa = PBXHeadersBuildPhase;
			buildActionMask = 2147483647;
			files = (
			);
			runOnlyForDeploymentPostprocessing = 0;
		};
/* End PBXHeadersBuildPhase section */

/* Begin PBXNativeTarget section */
		0C4E48D32A25E55700859414 /* EssentialFeed */ = {
			isa = PBXNativeTarget;
			buildConfigurationList = 0C4E48E62A25E55800859414 /* Build configuration list for PBXNativeTarget "EssentialFeed" */;
			buildPhases = (
				0C4E48CF2A25E55700859414 /* Headers */,
				0C4E48D02A25E55700859414 /* Sources */,
				0C4E48D12A25E55700859414 /* Frameworks */,
				0C4E48D22A25E55700859414 /* Resources */,
			);
			buildRules = (
			);
			dependencies = (
			);
			name = EssentialFeed;
			productName = EssentialFeed;
			productReference = 0C4E48D42A25E55700859414 /* EssentialFeed.framework */;
			productType = "com.apple.product-type.framework";
		};
		0C4E48DB2A25E55800859414 /* EssentialFeedTests */ = {
			isa = PBXNativeTarget;
			buildConfigurationList = 0C4E48E92A25E55800859414 /* Build configuration list for PBXNativeTarget "EssentialFeedTests" */;
			buildPhases = (
				0C4E48D82A25E55800859414 /* Sources */,
				0C4E48D92A25E55800859414 /* Frameworks */,
				0C4E48DA2A25E55800859414 /* Resources */,
			);
			buildRules = (
			);
			dependencies = (
				0C4E48DF2A25E55800859414 /* PBXTargetDependency */,
			);
			name = EssentialFeedTests;
			productName = EssentialFeedTests;
			productReference = 0C4E48DC2A25E55800859414 /* EssentialFeedTests.xctest */;
			productType = "com.apple.product-type.bundle.unit-test";
		};
		0C4E490D2A25E62F00859414 /* EssentialFeedAPIEndToEndTests */ = {
			isa = PBXNativeTarget;
			buildConfigurationList = 0C4E49152A25E62F00859414 /* Build configuration list for PBXNativeTarget "EssentialFeedAPIEndToEndTests" */;
			buildPhases = (
				0C4E490A2A25E62F00859414 /* Sources */,
				0C4E490B2A25E62F00859414 /* Frameworks */,
				0C4E490C2A25E62F00859414 /* Resources */,
			);
			buildRules = (
			);
			dependencies = (
				0C4E49142A25E62F00859414 /* PBXTargetDependency */,
			);
			name = EssentialFeedAPIEndToEndTests;
			productName = EssentialFeedAPIEndToEndTests;
			productReference = 0C4E490E2A25E62F00859414 /* EssentialFeedAPIEndToEndTests.xctest */;
			productType = "com.apple.product-type.bundle.unit-test";
		};
/* End PBXNativeTarget section */

/* Begin PBXProject section */
		0C4E48CB2A25E55700859414 /* Project object */ = {
			isa = PBXProject;
			attributes = {
				BuildIndependentTargetsInParallel = 1;
				LastSwiftUpdateCheck = 1420;
				LastUpgradeCheck = 1420;
				TargetAttributes = {
					0C4E48D32A25E55700859414 = {
						CreatedOnToolsVersion = 14.2;
						LastSwiftMigration = 1420;
					};
					0C4E48DB2A25E55800859414 = {
						CreatedOnToolsVersion = 14.2;
					};
					0C4E490D2A25E62F00859414 = {
						CreatedOnToolsVersion = 14.2;
					};
				};
			};
			buildConfigurationList = 0C4E48CE2A25E55700859414 /* Build configuration list for PBXProject "EssentialFeed" */;
			compatibilityVersion = "Xcode 14.0";
			developmentRegion = en;
			hasScannedForEncodings = 0;
			knownRegions = (
				en,
				Base,
			);
			mainGroup = 0C4E48CA2A25E55700859414;
			productRefGroup = 0C4E48D52A25E55700859414 /* Products */;
			projectDirPath = "";
			projectRoot = "";
			targets = (
				0C4E48D32A25E55700859414 /* EssentialFeed */,
				0C4E48DB2A25E55800859414 /* EssentialFeedTests */,
				0C4E490D2A25E62F00859414 /* EssentialFeedAPIEndToEndTests */,
			);
		};
/* End PBXProject section */

/* Begin PBXResourcesBuildPhase section */
		0C4E48D22A25E55700859414 /* Resources */ = {
			isa = PBXResourcesBuildPhase;
			buildActionMask = 2147483647;
			files = (
			);
			runOnlyForDeploymentPostprocessing = 0;
		};
		0C4E48DA2A25E55800859414 /* Resources */ = {
			isa = PBXResourcesBuildPhase;
			buildActionMask = 2147483647;
			files = (
			);
			runOnlyForDeploymentPostprocessing = 0;
		};
		0C4E490C2A25E62F00859414 /* Resources */ = {
			isa = PBXResourcesBuildPhase;
			buildActionMask = 2147483647;
			files = (
			);
			runOnlyForDeploymentPostprocessing = 0;
		};
/* End PBXResourcesBuildPhase section */

/* Begin PBXSourcesBuildPhase section */
		0C4E48D02A25E55700859414 /* Sources */ = {
			isa = PBXSourcesBuildPhase;
			buildActionMask = 2147483647;
			files = (
				0C4E48FC2A25E5B900859414 /* FeedItemsMapper.swift in Sources */,
				0C4E48FE2A25E5B900859414 /* RemoteFeedLoader.swift in Sources */,
				0C3CACC82A4BC40A002D7B4A /* RemoteFeedItem.swift in Sources */,
				0C6CED4A2A4E6DB000C1FB07 /* FeedCachePolicy.swift in Sources */,
				0C4E48FD2A25E5B900859414 /* HTTPClient.swift in Sources */,
				0C3CACCA2A4BC421002D7B4A /* LocalFeedImage.swift in Sources */,
				0C3CACC62A4AD2AC002D7B4A /* FeedStore.swift in Sources */,
				0C3CACC42A4AD236002D7B4A /* LocalFeedLoader.swift in Sources */,
				0C6CED4E2A52987800C1FB07 /* CodableFeedStore.swift in Sources */,
				0C4E49002A25E5B900859414 /* FeedImage.swift in Sources */,
				0C4E48FF2A25E5B900859414 /* FeedLoader.swift in Sources */,
				0C4E48FB2A25E5B900859414 /* URLSessionHTTPClient.swift in Sources */,
			);
			runOnlyForDeploymentPostprocessing = 0;
		};
		0C4E48D82A25E55800859414 /* Sources */ = {
			isa = PBXSourcesBuildPhase;
			buildActionMask = 2147483647;
			files = (
				0C6CED4C2A4ECD3700C1FB07 /* CodableFeedStoreTests.swift in Sources */,
				0C6CED462A4D7F4700C1FB07 /* FeedCacheTestHelpers.swift in Sources */,
				0C6CED442A4D783F00C1FB07 /* ValidateFeedCacheUseCaseTests.swift in Sources */,
				0C4E49082A25E5DF00859414 /* LoadFeedFromRemoteUseCaseTests.swift in Sources */,
				0C4E49092A25E5DF00859414 /* URLSessionHTTPClientTests.swift in Sources */,
				0C6CED422A4C237100C1FB07 /* FeedStoreSpy.swift in Sources */,
				0C6CED482A4D817F00C1FB07 /* SharedTestHelpers.swift in Sources */,
				0C3CACC12A4A72A4002D7B4A /* CacheFeedUseCaseTests.swift in Sources */,
				0C6CED3F2A4C221000C1FB07 /* LoadFeedFromCacheUseCaseTests.swift in Sources */,
				0C4E49072A25E5DF00859414 /* XCTestCase+MemoryLeadTracking.swift in Sources */,
			);
			runOnlyForDeploymentPostprocessing = 0;
		};
		0C4E490A2A25E62F00859414 /* Sources */ = {
			isa = PBXSourcesBuildPhase;
			buildActionMask = 2147483647;
			files = (
				0C4E491C2A25E6C600859414 /* EssentialFeedAPIEndToEndTests.swift in Sources */,
				0C4E491A2A25E66B00859414 /* XCTestCase+MemoryLeadTracking.swift in Sources */,
			);
			runOnlyForDeploymentPostprocessing = 0;
		};
/* End PBXSourcesBuildPhase section */

/* Begin PBXTargetDependency section */
		0C4E48DF2A25E55800859414 /* PBXTargetDependency */ = {
			isa = PBXTargetDependency;
			target = 0C4E48D32A25E55700859414 /* EssentialFeed */;
			targetProxy = 0C4E48DE2A25E55800859414 /* PBXContainerItemProxy */;
		};
		0C4E49142A25E62F00859414 /* PBXTargetDependency */ = {
			isa = PBXTargetDependency;
			target = 0C4E48D32A25E55700859414 /* EssentialFeed */;
			targetProxy = 0C4E49132A25E62F00859414 /* PBXContainerItemProxy */;
		};
/* End PBXTargetDependency section */

/* Begin XCBuildConfiguration section */
		0C4E48E42A25E55800859414 /* Debug */ = {
			isa = XCBuildConfiguration;
			buildSettings = {
				ALWAYS_SEARCH_USER_PATHS = NO;
				CLANG_ANALYZER_NONNULL = YES;
				CLANG_ANALYZER_NUMBER_OBJECT_CONVERSION = YES_AGGRESSIVE;
				CLANG_CXX_LANGUAGE_STANDARD = "gnu++20";
				CLANG_ENABLE_MODULES = YES;
				CLANG_ENABLE_OBJC_ARC = YES;
				CLANG_ENABLE_OBJC_WEAK = YES;
				CLANG_WARN_BLOCK_CAPTURE_AUTORELEASING = YES;
				CLANG_WARN_BOOL_CONVERSION = YES;
				CLANG_WARN_COMMA = YES;
				CLANG_WARN_CONSTANT_CONVERSION = YES;
				CLANG_WARN_DEPRECATED_OBJC_IMPLEMENTATIONS = YES;
				CLANG_WARN_DIRECT_OBJC_ISA_USAGE = YES_ERROR;
				CLANG_WARN_DOCUMENTATION_COMMENTS = YES;
				CLANG_WARN_EMPTY_BODY = YES;
				CLANG_WARN_ENUM_CONVERSION = YES;
				CLANG_WARN_INFINITE_RECURSION = YES;
				CLANG_WARN_INT_CONVERSION = YES;
				CLANG_WARN_NON_LITERAL_NULL_CONVERSION = YES;
				CLANG_WARN_OBJC_IMPLICIT_RETAIN_SELF = YES;
				CLANG_WARN_OBJC_LITERAL_CONVERSION = YES;
				CLANG_WARN_OBJC_ROOT_CLASS = YES_ERROR;
				CLANG_WARN_QUOTED_INCLUDE_IN_FRAMEWORK_HEADER = YES;
				CLANG_WARN_RANGE_LOOP_ANALYSIS = YES;
				CLANG_WARN_STRICT_PROTOTYPES = YES;
				CLANG_WARN_SUSPICIOUS_MOVE = YES;
				CLANG_WARN_UNGUARDED_AVAILABILITY = YES_AGGRESSIVE;
				CLANG_WARN_UNREACHABLE_CODE = YES;
				CLANG_WARN__DUPLICATE_METHOD_MATCH = YES;
				COPY_PHASE_STRIP = NO;
				CURRENT_PROJECT_VERSION = 1;
				DEBUG_INFORMATION_FORMAT = dwarf;
				ENABLE_STRICT_OBJC_MSGSEND = YES;
				ENABLE_TESTABILITY = YES;
				GCC_C_LANGUAGE_STANDARD = gnu11;
				GCC_DYNAMIC_NO_PIC = NO;
				GCC_NO_COMMON_BLOCKS = YES;
				GCC_OPTIMIZATION_LEVEL = 0;
				GCC_PREPROCESSOR_DEFINITIONS = (
					"DEBUG=1",
					"$(inherited)",
				);
				GCC_WARN_64_TO_32_BIT_CONVERSION = YES;
				GCC_WARN_ABOUT_RETURN_TYPE = YES_ERROR;
				GCC_WARN_UNDECLARED_SELECTOR = YES;
				GCC_WARN_UNINITIALIZED_AUTOS = YES_AGGRESSIVE;
				GCC_WARN_UNUSED_FUNCTION = YES;
				GCC_WARN_UNUSED_VARIABLE = YES;
				IPHONEOS_DEPLOYMENT_TARGET = 15.0;
				MTL_ENABLE_DEBUG_INFO = INCLUDE_SOURCE;
				MTL_FAST_MATH = YES;
				ONLY_ACTIVE_ARCH = YES;
				SDKROOT = iphoneos;
				SWIFT_ACTIVE_COMPILATION_CONDITIONS = DEBUG;
				SWIFT_OPTIMIZATION_LEVEL = "-Onone";
				VERSIONING_SYSTEM = "apple-generic";
				VERSION_INFO_PREFIX = "";
			};
			name = Debug;
		};
		0C4E48E52A25E55800859414 /* Release */ = {
			isa = XCBuildConfiguration;
			buildSettings = {
				ALWAYS_SEARCH_USER_PATHS = NO;
				CLANG_ANALYZER_NONNULL = YES;
				CLANG_ANALYZER_NUMBER_OBJECT_CONVERSION = YES_AGGRESSIVE;
				CLANG_CXX_LANGUAGE_STANDARD = "gnu++20";
				CLANG_ENABLE_MODULES = YES;
				CLANG_ENABLE_OBJC_ARC = YES;
				CLANG_ENABLE_OBJC_WEAK = YES;
				CLANG_WARN_BLOCK_CAPTURE_AUTORELEASING = YES;
				CLANG_WARN_BOOL_CONVERSION = YES;
				CLANG_WARN_COMMA = YES;
				CLANG_WARN_CONSTANT_CONVERSION = YES;
				CLANG_WARN_DEPRECATED_OBJC_IMPLEMENTATIONS = YES;
				CLANG_WARN_DIRECT_OBJC_ISA_USAGE = YES_ERROR;
				CLANG_WARN_DOCUMENTATION_COMMENTS = YES;
				CLANG_WARN_EMPTY_BODY = YES;
				CLANG_WARN_ENUM_CONVERSION = YES;
				CLANG_WARN_INFINITE_RECURSION = YES;
				CLANG_WARN_INT_CONVERSION = YES;
				CLANG_WARN_NON_LITERAL_NULL_CONVERSION = YES;
				CLANG_WARN_OBJC_IMPLICIT_RETAIN_SELF = YES;
				CLANG_WARN_OBJC_LITERAL_CONVERSION = YES;
				CLANG_WARN_OBJC_ROOT_CLASS = YES_ERROR;
				CLANG_WARN_QUOTED_INCLUDE_IN_FRAMEWORK_HEADER = YES;
				CLANG_WARN_RANGE_LOOP_ANALYSIS = YES;
				CLANG_WARN_STRICT_PROTOTYPES = YES;
				CLANG_WARN_SUSPICIOUS_MOVE = YES;
				CLANG_WARN_UNGUARDED_AVAILABILITY = YES_AGGRESSIVE;
				CLANG_WARN_UNREACHABLE_CODE = YES;
				CLANG_WARN__DUPLICATE_METHOD_MATCH = YES;
				COPY_PHASE_STRIP = NO;
				CURRENT_PROJECT_VERSION = 1;
				DEBUG_INFORMATION_FORMAT = "dwarf-with-dsym";
				ENABLE_NS_ASSERTIONS = NO;
				ENABLE_STRICT_OBJC_MSGSEND = YES;
				GCC_C_LANGUAGE_STANDARD = gnu11;
				GCC_NO_COMMON_BLOCKS = YES;
				GCC_WARN_64_TO_32_BIT_CONVERSION = YES;
				GCC_WARN_ABOUT_RETURN_TYPE = YES_ERROR;
				GCC_WARN_UNDECLARED_SELECTOR = YES;
				GCC_WARN_UNINITIALIZED_AUTOS = YES_AGGRESSIVE;
				GCC_WARN_UNUSED_FUNCTION = YES;
				GCC_WARN_UNUSED_VARIABLE = YES;
				IPHONEOS_DEPLOYMENT_TARGET = 15.0;
				MTL_ENABLE_DEBUG_INFO = NO;
				MTL_FAST_MATH = YES;
				SDKROOT = iphoneos;
				SWIFT_COMPILATION_MODE = wholemodule;
				SWIFT_OPTIMIZATION_LEVEL = "-O";
				VALIDATE_PRODUCT = YES;
				VERSIONING_SYSTEM = "apple-generic";
				VERSION_INFO_PREFIX = "";
			};
			name = Release;
		};
		0C4E48E72A25E55800859414 /* Debug */ = {
			isa = XCBuildConfiguration;
			buildSettings = {
				CLANG_ENABLE_MODULES = YES;
				CODE_SIGN_STYLE = Automatic;
				CURRENT_PROJECT_VERSION = 1;
				DEFINES_MODULE = YES;
				DEVELOPMENT_TEAM = 3F3N8USCH4;
				DYLIB_COMPATIBILITY_VERSION = 1;
				DYLIB_CURRENT_VERSION = 1;
				DYLIB_INSTALL_NAME_BASE = "@rpath";
				GENERATE_INFOPLIST_FILE = YES;
				INFOPLIST_KEY_NSHumanReadableCopyright = "";
				INSTALL_PATH = "$(LOCAL_LIBRARY_DIR)/Frameworks";
				LD_RUNPATH_SEARCH_PATHS = (
					"$(inherited)",
					"@executable_path/Frameworks",
					"@loader_path/Frameworks",
				);
				MACOSX_DEPLOYMENT_TARGET = 12.4;
				MARKETING_VERSION = 1.0;
				PRODUCT_BUNDLE_IDENTIFIER = com.LiamHsu.EssentialFeed;
				PRODUCT_NAME = "$(TARGET_NAME:c99extidentifier)";
				SKIP_INSTALL = YES;
				SWIFT_EMIT_LOC_STRINGS = YES;
				SWIFT_OPTIMIZATION_LEVEL = "-Onone";
				SWIFT_VERSION = 5.0;
				TARGETED_DEVICE_FAMILY = "1,2";
			};
			name = Debug;
		};
		0C4E48E82A25E55800859414 /* Release */ = {
			isa = XCBuildConfiguration;
			buildSettings = {
				CLANG_ENABLE_MODULES = YES;
				CODE_SIGN_STYLE = Automatic;
				CURRENT_PROJECT_VERSION = 1;
				DEFINES_MODULE = YES;
				DEVELOPMENT_TEAM = 3F3N8USCH4;
				DYLIB_COMPATIBILITY_VERSION = 1;
				DYLIB_CURRENT_VERSION = 1;
				DYLIB_INSTALL_NAME_BASE = "@rpath";
				GENERATE_INFOPLIST_FILE = YES;
				INFOPLIST_KEY_NSHumanReadableCopyright = "";
				INSTALL_PATH = "$(LOCAL_LIBRARY_DIR)/Frameworks";
				LD_RUNPATH_SEARCH_PATHS = (
					"$(inherited)",
					"@executable_path/Frameworks",
					"@loader_path/Frameworks",
				);
				MACOSX_DEPLOYMENT_TARGET = 12.4;
				MARKETING_VERSION = 1.0;
				PRODUCT_BUNDLE_IDENTIFIER = com.LiamHsu.EssentialFeed;
				PRODUCT_NAME = "$(TARGET_NAME:c99extidentifier)";
				SKIP_INSTALL = YES;
				SWIFT_EMIT_LOC_STRINGS = YES;
				SWIFT_VERSION = 5.0;
				TARGETED_DEVICE_FAMILY = "1,2";
			};
			name = Release;
		};
		0C4E48EA2A25E55800859414 /* Debug */ = {
			isa = XCBuildConfiguration;
			buildSettings = {
				ALWAYS_EMBED_SWIFT_STANDARD_LIBRARIES = YES;
				CODE_SIGN_STYLE = Automatic;
				CURRENT_PROJECT_VERSION = 1;
				DEVELOPMENT_TEAM = 3F3N8USCH4;
				GENERATE_INFOPLIST_FILE = YES;
				MACOSX_DEPLOYMENT_TARGET = 12.4;
				MARKETING_VERSION = 1.0;
				PRODUCT_BUNDLE_IDENTIFIER = com.LiamHsu.EssentialFeedTests;
				PRODUCT_NAME = "$(TARGET_NAME)";
				SWIFT_EMIT_LOC_STRINGS = NO;
				SWIFT_VERSION = 5.0;
				TARGETED_DEVICE_FAMILY = "1,2";
			};
			name = Debug;
		};
		0C4E48EB2A25E55800859414 /* Release */ = {
			isa = XCBuildConfiguration;
			buildSettings = {
				ALWAYS_EMBED_SWIFT_STANDARD_LIBRARIES = YES;
				CODE_SIGN_STYLE = Automatic;
				CURRENT_PROJECT_VERSION = 1;
				DEVELOPMENT_TEAM = 3F3N8USCH4;
				GENERATE_INFOPLIST_FILE = YES;
				MACOSX_DEPLOYMENT_TARGET = 12.4;
				MARKETING_VERSION = 1.0;
				PRODUCT_BUNDLE_IDENTIFIER = com.LiamHsu.EssentialFeedTests;
				PRODUCT_NAME = "$(TARGET_NAME)";
				SWIFT_EMIT_LOC_STRINGS = NO;
				SWIFT_VERSION = 5.0;
				TARGETED_DEVICE_FAMILY = "1,2";
			};
			name = Release;
		};
		0C4E49162A25E62F00859414 /* Debug */ = {
			isa = XCBuildConfiguration;
			buildSettings = {
				CODE_SIGN_STYLE = Automatic;
				CURRENT_PROJECT_VERSION = 1;
				DEVELOPMENT_TEAM = 3F3N8USCH4;
				GENERATE_INFOPLIST_FILE = YES;
				MACOSX_DEPLOYMENT_TARGET = 12.4;
				MARKETING_VERSION = 1.0;
				PRODUCT_BUNDLE_IDENTIFIER = com.LiamHsu.EssentialFeedAPIEndToEndTests;
				PRODUCT_NAME = "$(TARGET_NAME)";
				SWIFT_EMIT_LOC_STRINGS = NO;
				SWIFT_VERSION = 5.0;
				TARGETED_DEVICE_FAMILY = "1,2";
			};
			name = Debug;
		};
		0C4E49172A25E62F00859414 /* Release */ = {
			isa = XCBuildConfiguration;
			buildSettings = {
				CODE_SIGN_STYLE = Automatic;
				CURRENT_PROJECT_VERSION = 1;
				DEVELOPMENT_TEAM = 3F3N8USCH4;
				GENERATE_INFOPLIST_FILE = YES;
				MACOSX_DEPLOYMENT_TARGET = 12.4;
				MARKETING_VERSION = 1.0;
				PRODUCT_BUNDLE_IDENTIFIER = com.LiamHsu.EssentialFeedAPIEndToEndTests;
				PRODUCT_NAME = "$(TARGET_NAME)";
				SWIFT_EMIT_LOC_STRINGS = NO;
				SWIFT_VERSION = 5.0;
				TARGETED_DEVICE_FAMILY = "1,2";
			};
			name = Release;
		};
/* End XCBuildConfiguration section */

/* Begin XCConfigurationList section */
		0C4E48CE2A25E55700859414 /* Build configuration list for PBXProject "EssentialFeed" */ = {
			isa = XCConfigurationList;
			buildConfigurations = (
				0C4E48E42A25E55800859414 /* Debug */,
				0C4E48E52A25E55800859414 /* Release */,
			);
			defaultConfigurationIsVisible = 0;
			defaultConfigurationName = Release;
		};
		0C4E48E62A25E55800859414 /* Build configuration list for PBXNativeTarget "EssentialFeed" */ = {
			isa = XCConfigurationList;
			buildConfigurations = (
				0C4E48E72A25E55800859414 /* Debug */,
				0C4E48E82A25E55800859414 /* Release */,
			);
			defaultConfigurationIsVisible = 0;
			defaultConfigurationName = Release;
		};
		0C4E48E92A25E55800859414 /* Build configuration list for PBXNativeTarget "EssentialFeedTests" */ = {
			isa = XCConfigurationList;
			buildConfigurations = (
				0C4E48EA2A25E55800859414 /* Debug */,
				0C4E48EB2A25E55800859414 /* Release */,
			);
			defaultConfigurationIsVisible = 0;
			defaultConfigurationName = Release;
		};
		0C4E49152A25E62F00859414 /* Build configuration list for PBXNativeTarget "EssentialFeedAPIEndToEndTests" */ = {
			isa = XCConfigurationList;
			buildConfigurations = (
				0C4E49162A25E62F00859414 /* Debug */,
				0C4E49172A25E62F00859414 /* Release */,
			);
			defaultConfigurationIsVisible = 0;
			defaultConfigurationName = Release;
		};
/* End XCConfigurationList section */
	};
	rootObject = 0C4E48CB2A25E55700859414 /* Project object */;
}
