// !$*UTF8*$!
{
	archiveVersion = 1;
	classes = {
	};
	objectVersion = 56;
	objects = {

/* Begin PBXBuildFile section */
		0C0F90D22A7CDCA60079E568 /* FeedLoaderWithFallbackComposite.swift in Sources */ = {isa = PBXBuildFile; fileRef = 0C0F90D12A7CDCA60079E568 /* FeedLoaderWithFallbackComposite.swift */; };
		0C0F90D42A7CDDAF0079E568 /* FeedImageDataLoaderWithFallbackCompositeTests.swift in Sources */ = {isa = PBXBuildFile; fileRef = 0C0F90D32A7CDDAF0079E568 /* FeedImageDataLoaderWithFallbackCompositeTests.swift */; };
		0C0F90D72A8073270079E568 /* XCTestCase+MemoryLeadTracking.swift in Sources */ = {isa = PBXBuildFile; fileRef = 0C0F90D62A8073270079E568 /* XCTestCase+MemoryLeadTracking.swift */; };
		0C0F90DA2A807B500079E568 /* FeedImageDataLoaderWithFallbackComposite.swift in Sources */ = {isa = PBXBuildFile; fileRef = 0C0F90D92A807B500079E568 /* FeedImageDataLoaderWithFallbackComposite.swift */; };
		0C0F90DC2A807BDA0079E568 /* SharedTestHelpers.swift in Sources */ = {isa = PBXBuildFile; fileRef = 0C0F90DB2A807BDA0079E568 /* SharedTestHelpers.swift */; };
		0C0F90DE2A80915B0079E568 /* FeedLoaderCacheDecoratorTests.swift in Sources */ = {isa = PBXBuildFile; fileRef = 0C0F90DD2A80915B0079E568 /* FeedLoaderCacheDecoratorTests.swift */; };
		0C0F90E32A80B9960079E568 /* FeedLoaderStub.swift in Sources */ = {isa = PBXBuildFile; fileRef = 0C0F90E22A80B9960079E568 /* FeedLoaderStub.swift */; };
		0C0F90E52A80BA760079E568 /* XCTestCase+FeedLoader.swift in Sources */ = {isa = PBXBuildFile; fileRef = 0C0F90E42A80BA760079E568 /* XCTestCase+FeedLoader.swift */; };
		0C0F90E92A80C1AE0079E568 /* FeedLoaderCacheDecorator.swift in Sources */ = {isa = PBXBuildFile; fileRef = 0C0F90E82A80C1AE0079E568 /* FeedLoaderCacheDecorator.swift */; };
		0C0F90EB2A80C47F0079E568 /* FeedImageDataLoaderCacheDecoratorTests.swift in Sources */ = {isa = PBXBuildFile; fileRef = 0C0F90EA2A80C47F0079E568 /* FeedImageDataLoaderCacheDecoratorTests.swift */; };
		0C0F90ED2A80CA160079E568 /* FeedImageDataLoaderSpy.swift in Sources */ = {isa = PBXBuildFile; fileRef = 0C0F90EC2A80CA160079E568 /* FeedImageDataLoaderSpy.swift */; };
		0C0F90EF2A80CA9A0079E568 /* XCTestCase+FeedImageDataLoader.swift in Sources */ = {isa = PBXBuildFile; fileRef = 0C0F90EE2A80CA9A0079E568 /* XCTestCase+FeedImageDataLoader.swift */; };
		0C0F90F32A80CEA90079E568 /* FeedImageDataLoaderCacheDecorator.swift in Sources */ = {isa = PBXBuildFile; fileRef = 0C0F90F22A80CEA90079E568 /* FeedImageDataLoaderCacheDecorator.swift */; };
		0C0F91302A89B4830079E568 /* SceneDelegateTests.swift in Sources */ = {isa = PBXBuildFile; fileRef = 0C0F912F2A89B4830079E568 /* SceneDelegateTests.swift */; };
		0C0F91432A89BB890079E568 /* FeedLoaderPresentationAdapter.swift in Sources */ = {isa = PBXBuildFile; fileRef = 0C0F913D2A89BB890079E568 /* FeedLoaderPresentationAdapter.swift */; };
		0C0F91442A89BB890079E568 /* FeedImageDataLoaderPresentationAdapter.swift in Sources */ = {isa = PBXBuildFile; fileRef = 0C0F91422A89BB890079E568 /* FeedImageDataLoaderPresentationAdapter.swift */; };
		0C0F91452A89BB890079E568 /* FeedViewAdapter.swift in Sources */ = {isa = PBXBuildFile; fileRef = 0C0F913E2A89BB890079E568 /* FeedViewAdapter.swift */; };
		0C0F91462A89BB890079E568 /* MainQueueDispatchDecorator.swift in Sources */ = {isa = PBXBuildFile; fileRef = 0C0F91402A89BB890079E568 /* MainQueueDispatchDecorator.swift */; };
		0C0F91472A89BB890079E568 /* WeakRefVirtualProxy.swift in Sources */ = {isa = PBXBuildFile; fileRef = 0C0F91412A89BB890079E568 /* WeakRefVirtualProxy.swift */; };
		0C0F91482A89BB890079E568 /* FeedUIComposer.swift in Sources */ = {isa = PBXBuildFile; fileRef = 0C0F913F2A89BB890079E568 /* FeedUIComposer.swift */; };
		0C0F914F2A89BBC60079E568 /* LoaderSpy.swift in Sources */ = {isa = PBXBuildFile; fileRef = 0C0F914D2A89BBC60079E568 /* LoaderSpy.swift */; };
		0C0F91502A89BBC60079E568 /* FeedViewControllerTests+FeedViewControllerHelper.swift in Sources */ = {isa = PBXBuildFile; fileRef = 0C0F914B2A89BBC60079E568 /* FeedViewControllerTests+FeedViewControllerHelper.swift */; };
		0C0F91512A89BBC60079E568 /* FeedViewControllerTests+UIKitHelper.swift in Sources */ = {isa = PBXBuildFile; fileRef = 0C0F914A2A89BBC60079E568 /* FeedViewControllerTests+UIKitHelper.swift */; };
		0C0F91522A89BBC60079E568 /* FeedViewControllerTests+FeedImageCellHelper.swift in Sources */ = {isa = PBXBuildFile; fileRef = 0C0F914C2A89BBC60079E568 /* FeedViewControllerTests+FeedImageCellHelper.swift */; };
		0C0F91532A89BBC60079E568 /* FeedViewControllerTests+Helper.swift in Sources */ = {isa = PBXBuildFile; fileRef = 0C0F914E2A89BBC60079E568 /* FeedViewControllerTests+Helper.swift */; };
		0C0F91542A89BBC60079E568 /* FeedUIIntegrationTests+Localization.swift in Sources */ = {isa = PBXBuildFile; fileRef = 0C0F91492A89BBC60079E568 /* FeedUIIntegrationTests+Localization.swift */; };
		0C0F91562A89BBF30079E568 /* FeedUIIntegrationTests.swift in Sources */ = {isa = PBXBuildFile; fileRef = 0C0F91552A89BBF30079E568 /* FeedUIIntegrationTests.swift */; };
		0C0F91582A89BEC60079E568 /* FeedAcceptanceTests.swift in Sources */ = {isa = PBXBuildFile; fileRef = 0C0F91572A89BEC60079E568 /* FeedAcceptanceTests.swift */; };
		0CEABBFD2A7C96E3008BE64B /* AppDelegate.swift in Sources */ = {isa = PBXBuildFile; fileRef = 0CEABBFC2A7C96E3008BE64B /* AppDelegate.swift */; };
		0CEABBFF2A7C96E3008BE64B /* SceneDelegate.swift in Sources */ = {isa = PBXBuildFile; fileRef = 0CEABBFE2A7C96E3008BE64B /* SceneDelegate.swift */; };
		0CEABC042A7C96E3008BE64B /* Main.storyboard in Resources */ = {isa = PBXBuildFile; fileRef = 0CEABC022A7C96E3008BE64B /* Main.storyboard */; };
		0CEABC062A7C96E5008BE64B /* Assets.xcassets in Resources */ = {isa = PBXBuildFile; fileRef = 0CEABC052A7C96E5008BE64B /* Assets.xcassets */; };
		0CEABC092A7C96E5008BE64B /* LaunchScreen.storyboard in Resources */ = {isa = PBXBuildFile; fileRef = 0CEABC072A7C96E5008BE64B /* LaunchScreen.storyboard */; };
		0CEABC2F2A7C9A01008BE64B /* EssentialFeed.framework in Frameworks */ = {isa = PBXBuildFile; fileRef = 0CEABC2D2A7C9A01008BE64B /* EssentialFeed.framework */; };
		0CEABC302A7C9A01008BE64B /* EssentialFeed.framework in Embed Frameworks */ = {isa = PBXBuildFile; fileRef = 0CEABC2D2A7C9A01008BE64B /* EssentialFeed.framework */; settings = {ATTRIBUTES = (CodeSignOnCopy, RemoveHeadersOnCopy, ); }; };
		0CEABC312A7C9A01008BE64B /* EssentialFeediOS.framework in Frameworks */ = {isa = PBXBuildFile; fileRef = 0CEABC2E2A7C9A01008BE64B /* EssentialFeediOS.framework */; };
		0CEABC322A7C9A01008BE64B /* EssentialFeediOS.framework in Embed Frameworks */ = {isa = PBXBuildFile; fileRef = 0CEABC2E2A7C9A01008BE64B /* EssentialFeediOS.framework */; settings = {ATTRIBUTES = (CodeSignOnCopy, RemoveHeadersOnCopy, ); }; };
		0CEABC352A7CA300008BE64B /* FeedLoaderWithFallbackCompositeTests.swift in Sources */ = {isa = PBXBuildFile; fileRef = 0CEABC342A7CA300008BE64B /* FeedLoaderWithFallbackCompositeTests.swift */; };
/* End PBXBuildFile section */

/* Begin PBXContainerItemProxy section */
		0CEABC102A7C96E5008BE64B /* PBXContainerItemProxy */ = {
			isa = PBXContainerItemProxy;
			containerPortal = 0CEABBF12A7C96E3008BE64B /* Project object */;
			proxyType = 1;
			remoteGlobalIDString = 0CEABBF82A7C96E3008BE64B;
			remoteInfo = EssentialApp;
		};
/* End PBXContainerItemProxy section */

/* Begin PBXCopyFilesBuildPhase section */
		0CEABC332A7C9A02008BE64B /* Embed Frameworks */ = {
			isa = PBXCopyFilesBuildPhase;
			buildActionMask = 2147483647;
			dstPath = "";
			dstSubfolderSpec = 10;
			files = (
				0CEABC302A7C9A01008BE64B /* EssentialFeed.framework in Embed Frameworks */,
				0CEABC322A7C9A01008BE64B /* EssentialFeediOS.framework in Embed Frameworks */,
			);
			name = "Embed Frameworks";
			runOnlyForDeploymentPostprocessing = 0;
		};
/* End PBXCopyFilesBuildPhase section */

/* Begin PBXFileReference section */
		0C0F90D12A7CDCA60079E568 /* FeedLoaderWithFallbackComposite.swift */ = {isa = PBXFileReference; lastKnownFileType = sourcecode.swift; path = FeedLoaderWithFallbackComposite.swift; sourceTree = "<group>"; };
		0C0F90D32A7CDDAF0079E568 /* FeedImageDataLoaderWithFallbackCompositeTests.swift */ = {isa = PBXFileReference; lastKnownFileType = sourcecode.swift; path = FeedImageDataLoaderWithFallbackCompositeTests.swift; sourceTree = "<group>"; };
		0C0F90D62A8073270079E568 /* XCTestCase+MemoryLeadTracking.swift */ = {isa = PBXFileReference; lastKnownFileType = sourcecode.swift; path = "XCTestCase+MemoryLeadTracking.swift"; sourceTree = "<group>"; };
		0C0F90D92A807B500079E568 /* FeedImageDataLoaderWithFallbackComposite.swift */ = {isa = PBXFileReference; lastKnownFileType = sourcecode.swift; path = FeedImageDataLoaderWithFallbackComposite.swift; sourceTree = "<group>"; };
		0C0F90DB2A807BDA0079E568 /* SharedTestHelpers.swift */ = {isa = PBXFileReference; lastKnownFileType = sourcecode.swift; path = SharedTestHelpers.swift; sourceTree = "<group>"; };
		0C0F90DD2A80915B0079E568 /* FeedLoaderCacheDecoratorTests.swift */ = {isa = PBXFileReference; lastKnownFileType = sourcecode.swift; path = FeedLoaderCacheDecoratorTests.swift; sourceTree = "<group>"; };
		0C0F90E22A80B9960079E568 /* FeedLoaderStub.swift */ = {isa = PBXFileReference; lastKnownFileType = sourcecode.swift; path = FeedLoaderStub.swift; sourceTree = "<group>"; };
		0C0F90E42A80BA760079E568 /* XCTestCase+FeedLoader.swift */ = {isa = PBXFileReference; lastKnownFileType = sourcecode.swift; path = "XCTestCase+FeedLoader.swift"; sourceTree = "<group>"; };
		0C0F90E82A80C1AE0079E568 /* FeedLoaderCacheDecorator.swift */ = {isa = PBXFileReference; lastKnownFileType = sourcecode.swift; path = FeedLoaderCacheDecorator.swift; sourceTree = "<group>"; };
		0C0F90EA2A80C47F0079E568 /* FeedImageDataLoaderCacheDecoratorTests.swift */ = {isa = PBXFileReference; lastKnownFileType = sourcecode.swift; path = FeedImageDataLoaderCacheDecoratorTests.swift; sourceTree = "<group>"; };
		0C0F90EC2A80CA160079E568 /* FeedImageDataLoaderSpy.swift */ = {isa = PBXFileReference; lastKnownFileType = sourcecode.swift; path = FeedImageDataLoaderSpy.swift; sourceTree = "<group>"; };
		0C0F90EE2A80CA9A0079E568 /* XCTestCase+FeedImageDataLoader.swift */ = {isa = PBXFileReference; lastKnownFileType = sourcecode.swift; path = "XCTestCase+FeedImageDataLoader.swift"; sourceTree = "<group>"; };
		0C0F90F22A80CEA90079E568 /* FeedImageDataLoaderCacheDecorator.swift */ = {isa = PBXFileReference; lastKnownFileType = sourcecode.swift; path = FeedImageDataLoaderCacheDecorator.swift; sourceTree = "<group>"; };
		0C0F912F2A89B4830079E568 /* SceneDelegateTests.swift */ = {isa = PBXFileReference; lastKnownFileType = sourcecode.swift; path = SceneDelegateTests.swift; sourceTree = "<group>"; };
		0C0F913D2A89BB890079E568 /* FeedLoaderPresentationAdapter.swift */ = {isa = PBXFileReference; lastKnownFileType = sourcecode.swift; path = FeedLoaderPresentationAdapter.swift; sourceTree = "<group>"; };
		0C0F913E2A89BB890079E568 /* FeedViewAdapter.swift */ = {isa = PBXFileReference; lastKnownFileType = sourcecode.swift; path = FeedViewAdapter.swift; sourceTree = "<group>"; };
		0C0F913F2A89BB890079E568 /* FeedUIComposer.swift */ = {isa = PBXFileReference; lastKnownFileType = sourcecode.swift; path = FeedUIComposer.swift; sourceTree = "<group>"; };
		0C0F91402A89BB890079E568 /* MainQueueDispatchDecorator.swift */ = {isa = PBXFileReference; lastKnownFileType = sourcecode.swift; path = MainQueueDispatchDecorator.swift; sourceTree = "<group>"; };
		0C0F91412A89BB890079E568 /* WeakRefVirtualProxy.swift */ = {isa = PBXFileReference; lastKnownFileType = sourcecode.swift; path = WeakRefVirtualProxy.swift; sourceTree = "<group>"; };
		0C0F91422A89BB890079E568 /* FeedImageDataLoaderPresentationAdapter.swift */ = {isa = PBXFileReference; lastKnownFileType = sourcecode.swift; path = FeedImageDataLoaderPresentationAdapter.swift; sourceTree = "<group>"; };
		0C0F91492A89BBC60079E568 /* FeedUIIntegrationTests+Localization.swift */ = {isa = PBXFileReference; lastKnownFileType = sourcecode.swift; path = "FeedUIIntegrationTests+Localization.swift"; sourceTree = "<group>"; };
		0C0F914A2A89BBC60079E568 /* FeedViewControllerTests+UIKitHelper.swift */ = {isa = PBXFileReference; lastKnownFileType = sourcecode.swift; path = "FeedViewControllerTests+UIKitHelper.swift"; sourceTree = "<group>"; };
		0C0F914B2A89BBC60079E568 /* FeedViewControllerTests+FeedViewControllerHelper.swift */ = {isa = PBXFileReference; lastKnownFileType = sourcecode.swift; path = "FeedViewControllerTests+FeedViewControllerHelper.swift"; sourceTree = "<group>"; };
		0C0F914C2A89BBC60079E568 /* FeedViewControllerTests+FeedImageCellHelper.swift */ = {isa = PBXFileReference; lastKnownFileType = sourcecode.swift; path = "FeedViewControllerTests+FeedImageCellHelper.swift"; sourceTree = "<group>"; };
		0C0F914D2A89BBC60079E568 /* LoaderSpy.swift */ = {isa = PBXFileReference; lastKnownFileType = sourcecode.swift; path = LoaderSpy.swift; sourceTree = "<group>"; };
		0C0F914E2A89BBC60079E568 /* FeedViewControllerTests+Helper.swift */ = {isa = PBXFileReference; lastKnownFileType = sourcecode.swift; path = "FeedViewControllerTests+Helper.swift"; sourceTree = "<group>"; };
		0C0F91552A89BBF30079E568 /* FeedUIIntegrationTests.swift */ = {isa = PBXFileReference; lastKnownFileType = sourcecode.swift; path = FeedUIIntegrationTests.swift; sourceTree = "<group>"; };
		0C0F91572A89BEC60079E568 /* FeedAcceptanceTests.swift */ = {isa = PBXFileReference; lastKnownFileType = sourcecode.swift; path = FeedAcceptanceTests.swift; sourceTree = "<group>"; };
		0CEABBF92A7C96E3008BE64B /* EssentialApp.app */ = {isa = PBXFileReference; explicitFileType = wrapper.application; includeInIndex = 0; path = EssentialApp.app; sourceTree = BUILT_PRODUCTS_DIR; };
		0CEABBFC2A7C96E3008BE64B /* AppDelegate.swift */ = {isa = PBXFileReference; lastKnownFileType = sourcecode.swift; path = AppDelegate.swift; sourceTree = "<group>"; };
		0CEABBFE2A7C96E3008BE64B /* SceneDelegate.swift */ = {isa = PBXFileReference; lastKnownFileType = sourcecode.swift; path = SceneDelegate.swift; sourceTree = "<group>"; };
		0CEABC032A7C96E3008BE64B /* Base */ = {isa = PBXFileReference; lastKnownFileType = file.storyboard; name = Base; path = Base.lproj/Main.storyboard; sourceTree = "<group>"; };
		0CEABC052A7C96E5008BE64B /* Assets.xcassets */ = {isa = PBXFileReference; lastKnownFileType = folder.assetcatalog; path = Assets.xcassets; sourceTree = "<group>"; };
		0CEABC082A7C96E5008BE64B /* Base */ = {isa = PBXFileReference; lastKnownFileType = file.storyboard; name = Base; path = Base.lproj/LaunchScreen.storyboard; sourceTree = "<group>"; };
		0CEABC0A2A7C96E5008BE64B /* Info.plist */ = {isa = PBXFileReference; lastKnownFileType = text.plist.xml; path = Info.plist; sourceTree = "<group>"; };
		0CEABC0F2A7C96E5008BE64B /* EssentialAppTests.xctest */ = {isa = PBXFileReference; explicitFileType = wrapper.cfbundle; includeInIndex = 0; path = EssentialAppTests.xctest; sourceTree = BUILT_PRODUCTS_DIR; };
		0CEABC2D2A7C9A01008BE64B /* EssentialFeed.framework */ = {isa = PBXFileReference; explicitFileType = wrapper.framework; path = EssentialFeed.framework; sourceTree = BUILT_PRODUCTS_DIR; };
		0CEABC2E2A7C9A01008BE64B /* EssentialFeediOS.framework */ = {isa = PBXFileReference; explicitFileType = wrapper.framework; path = EssentialFeediOS.framework; sourceTree = BUILT_PRODUCTS_DIR; };
		0CEABC342A7CA300008BE64B /* FeedLoaderWithFallbackCompositeTests.swift */ = {isa = PBXFileReference; lastKnownFileType = sourcecode.swift; path = FeedLoaderWithFallbackCompositeTests.swift; sourceTree = "<group>"; };
/* End PBXFileReference section */

/* Begin PBXFrameworksBuildPhase section */
		0CEABBF62A7C96E3008BE64B /* Frameworks */ = {
			isa = PBXFrameworksBuildPhase;
			buildActionMask = 2147483647;
			files = (
				0CEABC2F2A7C9A01008BE64B /* EssentialFeed.framework in Frameworks */,
				0CEABC312A7C9A01008BE64B /* EssentialFeediOS.framework in Frameworks */,
			);
			runOnlyForDeploymentPostprocessing = 0;
		};
		0CEABC0C2A7C96E5008BE64B /* Frameworks */ = {
			isa = PBXFrameworksBuildPhase;
			buildActionMask = 2147483647;
			files = (
			);
			runOnlyForDeploymentPostprocessing = 0;
		};
/* End PBXFrameworksBuildPhase section */

/* Begin PBXGroup section */
		0C0F90D52A8073070079E568 /* Helpers */ = {
			isa = PBXGroup;
			children = (
				0C0F90D62A8073270079E568 /* XCTestCase+MemoryLeadTracking.swift */,
				0C0F90DB2A807BDA0079E568 /* SharedTestHelpers.swift */,
				0C0F90E22A80B9960079E568 /* FeedLoaderStub.swift */,
				0C0F90E42A80BA760079E568 /* XCTestCase+FeedLoader.swift */,
				0C0F90EC2A80CA160079E568 /* FeedImageDataLoaderSpy.swift */,
				0C0F90EE2A80CA9A0079E568 /* XCTestCase+FeedImageDataLoader.swift */,
				0C0F91492A89BBC60079E568 /* FeedUIIntegrationTests+Localization.swift */,
				0C0F914D2A89BBC60079E568 /* LoaderSpy.swift */,
				0C0F914A2A89BBC60079E568 /* FeedViewControllerTests+UIKitHelper.swift */,
				0C0F914B2A89BBC60079E568 /* FeedViewControllerTests+FeedViewControllerHelper.swift */,
				0C0F914C2A89BBC60079E568 /* FeedViewControllerTests+FeedImageCellHelper.swift */,
				0C0F914E2A89BBC60079E568 /* FeedViewControllerTests+Helper.swift */,
			);
			path = Helpers;
			sourceTree = "<group>";
		};
		0CEABBF02A7C96E3008BE64B = {
			isa = PBXGroup;
			children = (
				0CEABBFB2A7C96E3008BE64B /* EssentialApp */,
				0CEABC122A7C96E5008BE64B /* EssentialAppTests */,
				0CEABBFA2A7C96E3008BE64B /* Products */,
				0CEABC2C2A7C9A01008BE64B /* Frameworks */,
			);
			sourceTree = "<group>";
		};
		0CEABBFA2A7C96E3008BE64B /* Products */ = {
			isa = PBXGroup;
			children = (
				0CEABBF92A7C96E3008BE64B /* EssentialApp.app */,
				0CEABC0F2A7C96E5008BE64B /* EssentialAppTests.xctest */,
			);
			name = Products;
			sourceTree = "<group>";
		};
		0CEABBFB2A7C96E3008BE64B /* EssentialApp */ = {
			isa = PBXGroup;
			children = (
				0CEABBFC2A7C96E3008BE64B /* AppDelegate.swift */,
				0CEABBFE2A7C96E3008BE64B /* SceneDelegate.swift */,
				0C0F913F2A89BB890079E568 /* FeedUIComposer.swift */,
				0C0F91402A89BB890079E568 /* MainQueueDispatchDecorator.swift */,
				0C0F91412A89BB890079E568 /* WeakRefVirtualProxy.swift */,
				0C0F913E2A89BB890079E568 /* FeedViewAdapter.swift */,
				0C0F91422A89BB890079E568 /* FeedImageDataLoaderPresentationAdapter.swift */,
				0C0F913D2A89BB890079E568 /* FeedLoaderPresentationAdapter.swift */,
				0C0F90D12A7CDCA60079E568 /* FeedLoaderWithFallbackComposite.swift */,
				0C0F90D92A807B500079E568 /* FeedImageDataLoaderWithFallbackComposite.swift */,
				0C0F90E82A80C1AE0079E568 /* FeedLoaderCacheDecorator.swift */,
				0C0F90F22A80CEA90079E568 /* FeedImageDataLoaderCacheDecorator.swift */,
				0CEABC022A7C96E3008BE64B /* Main.storyboard */,
				0CEABC052A7C96E5008BE64B /* Assets.xcassets */,
				0CEABC072A7C96E5008BE64B /* LaunchScreen.storyboard */,
				0CEABC0A2A7C96E5008BE64B /* Info.plist */,
			);
			path = EssentialApp;
			sourceTree = "<group>";
		};
		0CEABC122A7C96E5008BE64B /* EssentialAppTests */ = {
			isa = PBXGroup;
			children = (
				0C0F90D52A8073070079E568 /* Helpers */,
				0CEABC342A7CA300008BE64B /* FeedLoaderWithFallbackCompositeTests.swift */,
				0C0F90DD2A80915B0079E568 /* FeedLoaderCacheDecoratorTests.swift */,
				0C0F90D32A7CDDAF0079E568 /* FeedImageDataLoaderWithFallbackCompositeTests.swift */,
				0C0F90EA2A80C47F0079E568 /* FeedImageDataLoaderCacheDecoratorTests.swift */,
				0C0F912F2A89B4830079E568 /* SceneDelegateTests.swift */,
				0C0F91552A89BBF30079E568 /* FeedUIIntegrationTests.swift */,
				0C0F91572A89BEC60079E568 /* FeedAcceptanceTests.swift */,
			);
			path = EssentialAppTests;
			sourceTree = "<group>";
		};
		0CEABC2C2A7C9A01008BE64B /* Frameworks */ = {
			isa = PBXGroup;
			children = (
				0CEABC2D2A7C9A01008BE64B /* EssentialFeed.framework */,
				0CEABC2E2A7C9A01008BE64B /* EssentialFeediOS.framework */,
			);
			name = Frameworks;
			sourceTree = "<group>";
		};
/* End PBXGroup section */

/* Begin PBXNativeTarget section */
		0CEABBF82A7C96E3008BE64B /* EssentialApp */ = {
			isa = PBXNativeTarget;
			buildConfigurationList = 0CEABC232A7C96E6008BE64B /* Build configuration list for PBXNativeTarget "EssentialApp" */;
			buildPhases = (
				0CEABBF52A7C96E3008BE64B /* Sources */,
				0CEABBF62A7C96E3008BE64B /* Frameworks */,
				0CEABBF72A7C96E3008BE64B /* Resources */,
				0CEABC332A7C9A02008BE64B /* Embed Frameworks */,
			);
			buildRules = (
			);
			dependencies = (
			);
			name = EssentialApp;
			productName = EssentialApp;
			productReference = 0CEABBF92A7C96E3008BE64B /* EssentialApp.app */;
			productType = "com.apple.product-type.application";
		};
		0CEABC0E2A7C96E5008BE64B /* EssentialAppTests */ = {
			isa = PBXNativeTarget;
			buildConfigurationList = 0CEABC262A7C96E6008BE64B /* Build configuration list for PBXNativeTarget "EssentialAppTests" */;
			buildPhases = (
				0CEABC0B2A7C96E5008BE64B /* Sources */,
				0CEABC0C2A7C96E5008BE64B /* Frameworks */,
				0CEABC0D2A7C96E5008BE64B /* Resources */,
			);
			buildRules = (
			);
			dependencies = (
				0CEABC112A7C96E5008BE64B /* PBXTargetDependency */,
			);
			name = EssentialAppTests;
			productName = EssentialAppTests;
			productReference = 0CEABC0F2A7C96E5008BE64B /* EssentialAppTests.xctest */;
			productType = "com.apple.product-type.bundle.unit-test";
		};
/* End PBXNativeTarget section */

/* Begin PBXProject section */
		0CEABBF12A7C96E3008BE64B /* Project object */ = {
			isa = PBXProject;
			attributes = {
				BuildIndependentTargetsInParallel = 1;
				LastSwiftUpdateCheck = 1420;
				LastUpgradeCheck = 1420;
				TargetAttributes = {
					0CEABBF82A7C96E3008BE64B = {
						CreatedOnToolsVersion = 14.2;
					};
					0CEABC0E2A7C96E5008BE64B = {
						CreatedOnToolsVersion = 14.2;
						TestTargetID = 0CEABBF82A7C96E3008BE64B;
					};
				};
			};
			buildConfigurationList = 0CEABBF42A7C96E3008BE64B /* Build configuration list for PBXProject "EssentialApp" */;
			compatibilityVersion = "Xcode 14.0";
			developmentRegion = en;
			hasScannedForEncodings = 0;
			knownRegions = (
				en,
				Base,
			);
			mainGroup = 0CEABBF02A7C96E3008BE64B;
			productRefGroup = 0CEABBFA2A7C96E3008BE64B /* Products */;
			projectDirPath = "";
			projectRoot = "";
			targets = (
				0CEABBF82A7C96E3008BE64B /* EssentialApp */,
				0CEABC0E2A7C96E5008BE64B /* EssentialAppTests */,
			);
		};
/* End PBXProject section */

/* Begin PBXResourcesBuildPhase section */
		0CEABBF72A7C96E3008BE64B /* Resources */ = {
			isa = PBXResourcesBuildPhase;
			buildActionMask = 2147483647;
			files = (
				0CEABC092A7C96E5008BE64B /* LaunchScreen.storyboard in Resources */,
				0CEABC062A7C96E5008BE64B /* Assets.xcassets in Resources */,
				0CEABC042A7C96E3008BE64B /* Main.storyboard in Resources */,
			);
			runOnlyForDeploymentPostprocessing = 0;
		};
		0CEABC0D2A7C96E5008BE64B /* Resources */ = {
			isa = PBXResourcesBuildPhase;
			buildActionMask = 2147483647;
			files = (
			);
			runOnlyForDeploymentPostprocessing = 0;
		};
/* End PBXResourcesBuildPhase section */

/* Begin PBXSourcesBuildPhase section */
		0CEABBF52A7C96E3008BE64B /* Sources */ = {
			isa = PBXSourcesBuildPhase;
			buildActionMask = 2147483647;
			files = (
				0C0F91462A89BB890079E568 /* MainQueueDispatchDecorator.swift in Sources */,
				0C0F90DA2A807B500079E568 /* FeedImageDataLoaderWithFallbackComposite.swift in Sources */,
				0CEABBFD2A7C96E3008BE64B /* AppDelegate.swift in Sources */,
				0C0F90D22A7CDCA60079E568 /* FeedLoaderWithFallbackComposite.swift in Sources */,
				0C0F90F32A80CEA90079E568 /* FeedImageDataLoaderCacheDecorator.swift in Sources */,
				0C0F91452A89BB890079E568 /* FeedViewAdapter.swift in Sources */,
				0C0F90E92A80C1AE0079E568 /* FeedLoaderCacheDecorator.swift in Sources */,
				0C0F91482A89BB890079E568 /* FeedUIComposer.swift in Sources */,
				0C0F91442A89BB890079E568 /* FeedImageDataLoaderPresentationAdapter.swift in Sources */,
				0C0F91432A89BB890079E568 /* FeedLoaderPresentationAdapter.swift in Sources */,
				0C0F91472A89BB890079E568 /* WeakRefVirtualProxy.swift in Sources */,
				0CEABBFF2A7C96E3008BE64B /* SceneDelegate.swift in Sources */,
			);
			runOnlyForDeploymentPostprocessing = 0;
		};
		0CEABC0B2A7C96E5008BE64B /* Sources */ = {
			isa = PBXSourcesBuildPhase;
			buildActionMask = 2147483647;
			files = (
				0C0F91532A89BBC60079E568 /* FeedViewControllerTests+Helper.swift in Sources */,
				0C0F90DC2A807BDA0079E568 /* SharedTestHelpers.swift in Sources */,
				0C0F90EB2A80C47F0079E568 /* FeedImageDataLoaderCacheDecoratorTests.swift in Sources */,
				0C0F90E52A80BA760079E568 /* XCTestCase+FeedLoader.swift in Sources */,
				0C0F91562A89BBF30079E568 /* FeedUIIntegrationTests.swift in Sources */,
				0C0F90EF2A80CA9A0079E568 /* XCTestCase+FeedImageDataLoader.swift in Sources */,
				0C0F91582A89BEC60079E568 /* FeedAcceptanceTests.swift in Sources */,
				0C0F91302A89B4830079E568 /* SceneDelegateTests.swift in Sources */,
				0C0F90DE2A80915B0079E568 /* FeedLoaderCacheDecoratorTests.swift in Sources */,
				0C0F90ED2A80CA160079E568 /* FeedImageDataLoaderSpy.swift in Sources */,
				0C0F91542A89BBC60079E568 /* FeedUIIntegrationTests+Localization.swift in Sources */,
				0C0F91502A89BBC60079E568 /* FeedViewControllerTests+FeedViewControllerHelper.swift in Sources */,
				0C0F90D42A7CDDAF0079E568 /* FeedImageDataLoaderWithFallbackCompositeTests.swift in Sources */,
				0C0F90D72A8073270079E568 /* XCTestCase+MemoryLeadTracking.swift in Sources */,
				0C0F914F2A89BBC60079E568 /* LoaderSpy.swift in Sources */,
				0C0F91522A89BBC60079E568 /* FeedViewControllerTests+FeedImageCellHelper.swift in Sources */,
				0C0F91512A89BBC60079E568 /* FeedViewControllerTests+UIKitHelper.swift in Sources */,
				0C0F90E32A80B9960079E568 /* FeedLoaderStub.swift in Sources */,
				0CEABC352A7CA300008BE64B /* FeedLoaderWithFallbackCompositeTests.swift in Sources */,
			);
			runOnlyForDeploymentPostprocessing = 0;
		};
/* End PBXSourcesBuildPhase section */

/* Begin PBXTargetDependency section */
		0CEABC112A7C96E5008BE64B /* PBXTargetDependency */ = {
			isa = PBXTargetDependency;
			target = 0CEABBF82A7C96E3008BE64B /* EssentialApp */;
			targetProxy = 0CEABC102A7C96E5008BE64B /* PBXContainerItemProxy */;
		};
/* End PBXTargetDependency section */

/* Begin PBXVariantGroup section */
		0CEABC022A7C96E3008BE64B /* Main.storyboard */ = {
			isa = PBXVariantGroup;
			children = (
				0CEABC032A7C96E3008BE64B /* Base */,
			);
			name = Main.storyboard;
			sourceTree = "<group>";
		};
		0CEABC072A7C96E5008BE64B /* LaunchScreen.storyboard */ = {
			isa = PBXVariantGroup;
			children = (
				0CEABC082A7C96E5008BE64B /* Base */,
			);
			name = LaunchScreen.storyboard;
			sourceTree = "<group>";
		};
/* End PBXVariantGroup section */

/* Begin XCBuildConfiguration section */
		0CEABC212A7C96E6008BE64B /* Debug */ = {
			isa = XCBuildConfiguration;
			buildSettings = {
				ALWAYS_SEARCH_USER_PATHS = NO;
				CLANG_ANALYZER_NONNULL = YES;
				CLANG_ANALYZER_NUMBER_OBJECT_CONVERSION = YES_AGGRESSIVE;
				CLANG_CXX_LANGUAGE_STANDARD = "gnu++20";
				CLANG_ENABLE_MODULES = YES;
				CLANG_ENABLE_OBJC_ARC = YES;
				CLANG_ENABLE_OBJC_WEAK = YES;
				CLANG_WARN_BLOCK_CAPTURE_AUTORELEASING = YES;
				CLANG_WARN_BOOL_CONVERSION = YES;
				CLANG_WARN_COMMA = YES;
				CLANG_WARN_CONSTANT_CONVERSION = YES;
				CLANG_WARN_DEPRECATED_OBJC_IMPLEMENTATIONS = YES;
				CLANG_WARN_DIRECT_OBJC_ISA_USAGE = YES_ERROR;
				CLANG_WARN_DOCUMENTATION_COMMENTS = YES;
				CLANG_WARN_EMPTY_BODY = YES;
				CLANG_WARN_ENUM_CONVERSION = YES;
				CLANG_WARN_INFINITE_RECURSION = YES;
				CLANG_WARN_INT_CONVERSION = YES;
				CLANG_WARN_NON_LITERAL_NULL_CONVERSION = YES;
				CLANG_WARN_OBJC_IMPLICIT_RETAIN_SELF = YES;
				CLANG_WARN_OBJC_LITERAL_CONVERSION = YES;
				CLANG_WARN_OBJC_ROOT_CLASS = YES_ERROR;
				CLANG_WARN_QUOTED_INCLUDE_IN_FRAMEWORK_HEADER = YES;
				CLANG_WARN_RANGE_LOOP_ANALYSIS = YES;
				CLANG_WARN_STRICT_PROTOTYPES = YES;
				CLANG_WARN_SUSPICIOUS_MOVE = YES;
				CLANG_WARN_UNGUARDED_AVAILABILITY = YES_AGGRESSIVE;
				CLANG_WARN_UNREACHABLE_CODE = YES;
				CLANG_WARN__DUPLICATE_METHOD_MATCH = YES;
				COPY_PHASE_STRIP = NO;
				DEBUG_INFORMATION_FORMAT = dwarf;
				ENABLE_STRICT_OBJC_MSGSEND = YES;
				ENABLE_TESTABILITY = YES;
				GCC_C_LANGUAGE_STANDARD = gnu11;
				GCC_DYNAMIC_NO_PIC = NO;
				GCC_NO_COMMON_BLOCKS = YES;
				GCC_OPTIMIZATION_LEVEL = 0;
				GCC_PREPROCESSOR_DEFINITIONS = (
					"DEBUG=1",
					"$(inherited)",
				);
				GCC_WARN_64_TO_32_BIT_CONVERSION = YES;
				GCC_WARN_ABOUT_RETURN_TYPE = YES_ERROR;
				GCC_WARN_UNDECLARED_SELECTOR = YES;
				GCC_WARN_UNINITIALIZED_AUTOS = YES_AGGRESSIVE;
				GCC_WARN_UNUSED_FUNCTION = YES;
				GCC_WARN_UNUSED_VARIABLE = YES;
				IPHONEOS_DEPLOYMENT_TARGET = 16.2;
				MTL_ENABLE_DEBUG_INFO = INCLUDE_SOURCE;
				MTL_FAST_MATH = YES;
				ONLY_ACTIVE_ARCH = YES;
				SDKROOT = iphoneos;
				SWIFT_ACTIVE_COMPILATION_CONDITIONS = DEBUG;
				SWIFT_OPTIMIZATION_LEVEL = "-Onone";
			};
			name = Debug;
		};
		0CEABC222A7C96E6008BE64B /* Release */ = {
			isa = XCBuildConfiguration;
			buildSettings = {
				ALWAYS_SEARCH_USER_PATHS = NO;
				CLANG_ANALYZER_NONNULL = YES;
				CLANG_ANALYZER_NUMBER_OBJECT_CONVERSION = YES_AGGRESSIVE;
				CLANG_CXX_LANGUAGE_STANDARD = "gnu++20";
				CLANG_ENABLE_MODULES = YES;
				CLANG_ENABLE_OBJC_ARC = YES;
				CLANG_ENABLE_OBJC_WEAK = YES;
				CLANG_WARN_BLOCK_CAPTURE_AUTORELEASING = YES;
				CLANG_WARN_BOOL_CONVERSION = YES;
				CLANG_WARN_COMMA = YES;
				CLANG_WARN_CONSTANT_CONVERSION = YES;
				CLANG_WARN_DEPRECATED_OBJC_IMPLEMENTATIONS = YES;
				CLANG_WARN_DIRECT_OBJC_ISA_USAGE = YES_ERROR;
				CLANG_WARN_DOCUMENTATION_COMMENTS = YES;
				CLANG_WARN_EMPTY_BODY = YES;
				CLANG_WARN_ENUM_CONVERSION = YES;
				CLANG_WARN_INFINITE_RECURSION = YES;
				CLANG_WARN_INT_CONVERSION = YES;
				CLANG_WARN_NON_LITERAL_NULL_CONVERSION = YES;
				CLANG_WARN_OBJC_IMPLICIT_RETAIN_SELF = YES;
				CLANG_WARN_OBJC_LITERAL_CONVERSION = YES;
				CLANG_WARN_OBJC_ROOT_CLASS = YES_ERROR;
				CLANG_WARN_QUOTED_INCLUDE_IN_FRAMEWORK_HEADER = YES;
				CLANG_WARN_RANGE_LOOP_ANALYSIS = YES;
				CLANG_WARN_STRICT_PROTOTYPES = YES;
				CLANG_WARN_SUSPICIOUS_MOVE = YES;
				CLANG_WARN_UNGUARDED_AVAILABILITY = YES_AGGRESSIVE;
				CLANG_WARN_UNREACHABLE_CODE = YES;
				CLANG_WARN__DUPLICATE_METHOD_MATCH = YES;
				COPY_PHASE_STRIP = NO;
				DEBUG_INFORMATION_FORMAT = "dwarf-with-dsym";
				ENABLE_NS_ASSERTIONS = NO;
				ENABLE_STRICT_OBJC_MSGSEND = YES;
				GCC_C_LANGUAGE_STANDARD = gnu11;
				GCC_NO_COMMON_BLOCKS = YES;
				GCC_WARN_64_TO_32_BIT_CONVERSION = YES;
				GCC_WARN_ABOUT_RETURN_TYPE = YES_ERROR;
				GCC_WARN_UNDECLARED_SELECTOR = YES;
				GCC_WARN_UNINITIALIZED_AUTOS = YES_AGGRESSIVE;
				GCC_WARN_UNUSED_FUNCTION = YES;
				GCC_WARN_UNUSED_VARIABLE = YES;
				IPHONEOS_DEPLOYMENT_TARGET = 16.2;
				MTL_ENABLE_DEBUG_INFO = NO;
				MTL_FAST_MATH = YES;
				SDKROOT = iphoneos;
				SWIFT_COMPILATION_MODE = wholemodule;
				SWIFT_OPTIMIZATION_LEVEL = "-O";
				VALIDATE_PRODUCT = YES;
			};
			name = Release;
		};
		0CEABC242A7C96E6008BE64B /* Debug */ = {
			isa = XCBuildConfiguration;
			buildSettings = {
				ASSETCATALOG_COMPILER_APPICON_NAME = AppIcon;
				ASSETCATALOG_COMPILER_GLOBAL_ACCENT_COLOR_NAME = AccentColor;
				CODE_SIGN_STYLE = Automatic;
				CURRENT_PROJECT_VERSION = 1;
				DEVELOPMENT_TEAM = 3F3N8USCH4;
				GENERATE_INFOPLIST_FILE = YES;
				INFOPLIST_FILE = EssentialApp/Info.plist;
				INFOPLIST_KEY_UIApplicationSupportsIndirectInputEvents = YES;
				INFOPLIST_KEY_UILaunchStoryboardName = LaunchScreen;
				INFOPLIST_KEY_UIMainStoryboardFile = Main;
				INFOPLIST_KEY_UISupportedInterfaceOrientations = UIInterfaceOrientationPortrait;
				LD_RUNPATH_SEARCH_PATHS = (
					"$(inherited)",
					"@executable_path/Frameworks",
				);
				MARKETING_VERSION = 1.0;
				PRODUCT_BUNDLE_IDENTIFIER = com.LiamHsu.EssentialApp;
				PRODUCT_NAME = "$(TARGET_NAME)";
				SWIFT_EMIT_LOC_STRINGS = YES;
				SWIFT_VERSION = 5.0;
				TARGETED_DEVICE_FAMILY = "1,2";
			};
			name = Debug;
		};
		0CEABC252A7C96E6008BE64B /* Release */ = {
			isa = XCBuildConfiguration;
			buildSettings = {
				ASSETCATALOG_COMPILER_APPICON_NAME = AppIcon;
				ASSETCATALOG_COMPILER_GLOBAL_ACCENT_COLOR_NAME = AccentColor;
				CODE_SIGN_STYLE = Automatic;
				CURRENT_PROJECT_VERSION = 1;
				DEVELOPMENT_TEAM = 3F3N8USCH4;
				GENERATE_INFOPLIST_FILE = YES;
				INFOPLIST_FILE = EssentialApp/Info.plist;
				INFOPLIST_KEY_UIApplicationSupportsIndirectInputEvents = YES;
				INFOPLIST_KEY_UILaunchStoryboardName = LaunchScreen;
				INFOPLIST_KEY_UIMainStoryboardFile = Main;
				INFOPLIST_KEY_UISupportedInterfaceOrientations = UIInterfaceOrientationPortrait;
				LD_RUNPATH_SEARCH_PATHS = (
					"$(inherited)",
					"@executable_path/Frameworks",
				);
				MARKETING_VERSION = 1.0;
				PRODUCT_BUNDLE_IDENTIFIER = com.LiamHsu.EssentialApp;
				PRODUCT_NAME = "$(TARGET_NAME)";
				SWIFT_EMIT_LOC_STRINGS = YES;
				SWIFT_VERSION = 5.0;
				TARGETED_DEVICE_FAMILY = "1,2";
			};
			name = Release;
		};
		0CEABC272A7C96E6008BE64B /* Debug */ = {
			isa = XCBuildConfiguration;
			buildSettings = {
				ALWAYS_EMBED_SWIFT_STANDARD_LIBRARIES = YES;
				BUNDLE_LOADER = "$(TEST_HOST)";
				CODE_SIGN_STYLE = Automatic;
				CURRENT_PROJECT_VERSION = 1;
				DEVELOPMENT_TEAM = 3F3N8USCH4;
				GENERATE_INFOPLIST_FILE = YES;
				IPHONEOS_DEPLOYMENT_TARGET = 16.2;
				MARKETING_VERSION = 1.0;
				PRODUCT_BUNDLE_IDENTIFIER = com.LiamHsu.EssentialAppTests;
				PRODUCT_NAME = "$(TARGET_NAME)";
				SWIFT_EMIT_LOC_STRINGS = NO;
				SWIFT_VERSION = 5.0;
				TARGETED_DEVICE_FAMILY = "1,2";
				TEST_HOST = "$(BUILT_PRODUCTS_DIR)/EssentialApp.app/$(BUNDLE_EXECUTABLE_FOLDER_PATH)/EssentialApp";
			};
			name = Debug;
		};
		0CEABC282A7C96E6008BE64B /* Release */ = {
			isa = XCBuildConfiguration;
			buildSettings = {
				ALWAYS_EMBED_SWIFT_STANDARD_LIBRARIES = YES;
				BUNDLE_LOADER = "$(TEST_HOST)";
				CODE_SIGN_STYLE = Automatic;
				CURRENT_PROJECT_VERSION = 1;
				DEVELOPMENT_TEAM = 3F3N8USCH4;
				GENERATE_INFOPLIST_FILE = YES;
				IPHONEOS_DEPLOYMENT_TARGET = 16.2;
				MARKETING_VERSION = 1.0;
				PRODUCT_BUNDLE_IDENTIFIER = com.LiamHsu.EssentialAppTests;
				PRODUCT_NAME = "$(TARGET_NAME)";
				SWIFT_EMIT_LOC_STRINGS = NO;
				SWIFT_VERSION = 5.0;
				TARGETED_DEVICE_FAMILY = "1,2";
				TEST_HOST = "$(BUILT_PRODUCTS_DIR)/EssentialApp.app/$(BUNDLE_EXECUTABLE_FOLDER_PATH)/EssentialApp";
			};
			name = Release;
		};
/* End XCBuildConfiguration section */

/* Begin XCConfigurationList section */
		0CEABBF42A7C96E3008BE64B /* Build configuration list for PBXProject "EssentialApp" */ = {
			isa = XCConfigurationList;
			buildConfigurations = (
				0CEABC212A7C96E6008BE64B /* Debug */,
				0CEABC222A7C96E6008BE64B /* Release */,
			);
			defaultConfigurationIsVisible = 0;
			defaultConfigurationName = Release;
		};
		0CEABC232A7C96E6008BE64B /* Build configuration list for PBXNativeTarget "EssentialApp" */ = {
			isa = XCConfigurationList;
			buildConfigurations = (
				0CEABC242A7C96E6008BE64B /* Debug */,
				0CEABC252A7C96E6008BE64B /* Release */,
			);
			defaultConfigurationIsVisible = 0;
			defaultConfigurationName = Release;
		};
		0CEABC262A7C96E6008BE64B /* Build configuration list for PBXNativeTarget "EssentialAppTests" */ = {
			isa = XCConfigurationList;
			buildConfigurations = (
				0CEABC272A7C96E6008BE64B /* Debug */,
				0CEABC282A7C96E6008BE64B /* Release */,
			);
			defaultConfigurationIsVisible = 0;
			defaultConfigurationName = Release;
		};
/* End XCConfigurationList section */
	};
	rootObject = 0CEABBF12A7C96E3008BE64B /* Project object */;
}
